cloud.google.com/go v0.26.0/go.mod h1:aQUYkXzVsufM+DwF1aE+0xfcU+56JwCaLick0ClmMTw=
github.com/AdhityaRamadhanus/fasthttpcors v0.0.0-20170121111917-d4c07198763a h1:XVdatQFSP2YhJGjqLLIfW8QBk4loz/SCe/PxkXDiW+s=
github.com/AdhityaRamadhanus/fasthttpcors v0.0.0-20170121111917-d4c07198763a/go.mod h1:C0A1KeiVHs+trY6gUTPhhGammbrZ30ZfXRW/nuT7HLw=
github.com/BurntSushi/toml v0.3.1/go.mod h1:xHWCNGjB5oqiDr8zfno3MHue2Ht5sIBksp03qcyfWMU=
github.com/buaazp/fasthttprouter v0.1.1 h1:4oAnN0C3xZjylvZJdP35cxfclyn4TYkW6Y+DSvS+h8Q=
github.com/buaazp/fasthttprouter v0.1.1/go.mod h1:h/Ap5oRVLeItGKTVBb+heQPks+HdIUtGmI4H5WCYijM=
github.com/census-instrumentation/opencensus-proto v0.2.1/go.mod h1:f6KPmirojxKA12rnyqOA5BBL4O983OfeGPqjHWSTneU=
github.com/client9/misspell v0.3.4/go.mod h1:qj6jICC3Q7zFZvVWo7KLAzC3yx5G7kyvSDkc90ppPyw=
github.com/cncf/udpa/go v0.0.0-20191209042840-269d4d468f6f/go.mod h1:M8M6+tZqaGXZJjfX53e64911xZQV5JYwmTeXPW+k8Sc=
github.com/davecgh/go-spew v1.1.1 h1:vj9j/u1bqnvCEfJOwUhtlOARqs3+rkHYY13jYWTU97c=
github.com/davecgh/go-spew v1.1.1/go.mod h1:J7Y8YcW2NihsgmVo/mv3lAwl/skON4iLHjSsI+c5H38=
github.com/envoyproxy/go-control-plane v0.9.0/go.mod h1:YTl/9mNaCwkRvm6d1a2C3ymFceY/DCBVvsKhRF0iEA4=
github.com/envoyproxy/go-control-plane v0.9.1-0.20191026205805-5f8ba28d4473/go.mod h1:YTl/9mNaCwkRvm6d1a2C3ymFceY/DCBVvsKhRF0iEA4=
github.com/envoyproxy/go-control-plane v0.9.4/go.mod h1:6rpuAdCZL397s3pYoYcLgu1mIlRU8Am5FuJP05cCM98=
github.com/envoyproxy/protoc-gen-validate v0.1.0/go.mod h1:iSmxcyjqTsJpI2R4NaDN7+kN2VEUnK/pcBlmesArF7c=
github.com/fasthttp/websocket v1.4.2-0.20200211200836-5ac4ed426f98 h1:wngDielByU38blb1upcge5lF7th/lmtKzhkPcR+fF3c=
github.com/fasthttp/websocket v1.4.2-0.20200211200836-5ac4ed426f98/go.mod h1:smsv/h4PBEBaU0XDTY5UwJTpZv69fQ0FfcLJr21mA6Y=
github.com/fatih/color v1.9.0 h1:8xPHl4/q1VyqGIPif1F+1V3Y3lSmrq01EabUW3CoW5s=
github.com/fatih/color v1.9.0/go.mod h1:eQcE1qtQxscV5RaZvpXrrb8Drkc3/DdQ+uUYCNjL+zU=
github.com/golang/glog v0.0.0-20160126235308-23def4e6c14b/go.mod h1:SBH7ygxi8pfUlaOkMMuAQtPIUF8ecWP5IEl/CR7VP2Q=
github.com/golang/mock v1.1.1/go.mod h1:oTYuIxOrZwtPieC+H1uAHpcLFnEyAGVDL/k47Jfbm0A=
github.com/golang/protobuf v1.2.0/go.mod h1:6lQm79b+lXiMfvg/cZm0SGofjICqVBUtrP5yJMmIC1U=
github.com/golang/protobuf v1.3.2 h1:6nsPYzhq5kReh6QImI3k5qWzO4PEbvbIW2cwSfR/6xs=
github.com/golang/protobuf v1.3.2/go.mod h1:6lQm79b+lXiMfvg/cZm0SGofjICqVBUtrP5yJMmIC1U=
github.com/golang/protobuf v1.3.3 h1:gyjaxf+svBWX08ZjK86iN9geUJF0H6gp2IRKX6Nf6/I=
github.com/golang/protobuf v1.3.3/go.mod h1:vzj43D7+SQXF/4pzW/hwtAqwc6iTitCiVSaWz5lYuqw=
github.com/google/go-cmp v0.2.0/go.mod h1:oXzfMopK8JAjlY9xF4vHSVASa0yLyX7SntLO5aqRK0M=
github.com/gorilla/websocket v1.4.1 h1:q7AeDBpnBk8AogcD4DSag/Ukw/KV+YhzLj2bP5HvKCM=
github.com/gorilla/websocket v1.4.1/go.mod h1:YR8l580nyteQvAITg2hZ9XVh4b55+EU/adAjf1fMHhE=
github.com/gorilla/websocket v1.4.2 h1:+/TMaTYc4QFitKJxsQ7Yye35DkWvkdLcvGKqM+x0Ufc=
github.com/gorilla/websocket v1.4.2/go.mod h1:YR8l580nyteQvAITg2hZ9XVh4b55+EU/adAjf1fMHhE=
github.com/julienschmidt/httprouter v1.3.0 h1:U0609e9tgbseu3rBINet9P48AI/D3oJs4dN7jwJOQ1U=
github.com/julienschmidt/httprouter v1.3.0/go.mod h1:JR6WtHb+2LUe8TCKY3cZOxFyyO8IZAc4RVcycCCAKdM=
github.com/klauspost/compress v1.4.0/go.mod h1:RyIbtBH6LamlWaDj8nUwkbUhJ87Yi3uG0guNDohfE1A=
github.com/klauspost/compress v1.8.2 h1:Bx0qjetmNjdFXASH02NSAREKpiaDwkO1DRZ3dV2KCcs=
github.com/klauspost/compress v1.8.2/go.mod h1:RyIbtBH6LamlWaDj8nUwkbUhJ87Yi3uG0guNDohfE1A=
github.com/klauspost/compress v1.10.0 h1:92XGj1AcYzA6UrVdd4qIIBrT8OroryvRvdmg/IfmC7Y=
github.com/klauspost/compress v1.10.0/go.mod h1:aoV0uJVorq1K+umq18yTdKaF57EivdYsUV+/s2qKfXs=
github.com/klauspost/compress v1.10.1 h1:a/QY0o9S6wCi0XhxaMX/QmusicNUqCqFugR6WKPOSoQ=
github.com/klauspost/compress v1.10.1/go.mod h1:aoV0uJVorq1K+umq18yTdKaF57EivdYsUV+/s2qKfXs=
github.com/klauspost/cpuid v0.0.0-20180405133222-e7e905edc00e/go.mod h1:Pj4uuM528wm8OyEC2QMXAi2YiTZ96dNQPGgoMS4s3ek=
github.com/klauspost/cpuid v1.2.1 h1:vJi+O/nMdFt0vqm8NZBI6wzALWdA2X+egi0ogNyrC/w=
github.com/klauspost/cpuid v1.2.1/go.mod h1:Pj4uuM528wm8OyEC2QMXAi2YiTZ96dNQPGgoMS4s3ek=
github.com/klauspost/cpuid v1.2.3/go.mod h1:Pj4uuM528wm8OyEC2QMXAi2YiTZ96dNQPGgoMS4s3ek=
github.com/lab259/cors v0.2.0 h1:OJuzQgJZ0W7NxjPKOQZb6g/jOZIl/VaTN82Z8+zNccQ=
github.com/lab259/cors v0.2.0/go.mod h1:irvlJlQvQX/3L0ouMuvV4XNMSKP7a1+45aexLgqnojQ=
github.com/mattn/go-colorable v0.1.4 h1:snbPLB8fVfU9iwbbo30TPtbLRzwWu6aJS6Xh4eaaviA=
github.com/mattn/go-colorable v0.1.4/go.mod h1:U0ppj6V5qS13XJ6of8GYAs25YV2eR4EVcfRqFIhoBtE=
github.com/mattn/go-isatty v0.0.8/go.mod h1:Iq45c/XA43vh69/j3iqttzPXn0bhXyGjM0Hdxcsrc5s=
github.com/mattn/go-isatty v0.0.11 h1:FxPOTFNqGkuDUGi3H/qkUbQO4ZiBa2brKq5r0l8TGeM=
github.com/mattn/go-isatty v0.0.11/go.mod h1:PhnuNfih5lzO57/f3n+odYbM4JtupLOxQOAqxQCu2WE=
github.com/mattn/go-isatty v0.0.12 h1:wuysRhFDzyxgEmMf5xjvJ2M9dZoWAXNNr5LSBS7uHXY=
github.com/mattn/go-isatty v0.0.12/go.mod h1:cbi8OIDigv2wuxKPP5vlRcQ1OAZbq2CE4Kysco4FUpU=
github.com/microgolang/logs v0.0.0-20191128163715-df5826543c89 h1:QaApiFXfaGE+AtDttHIZ20RiFtnkeffiSTB5Kjo+NCo=
github.com/microgolang/logs v0.0.0-20191128163715-df5826543c89/go.mod h1:Tdu165lfD+Aayd3zm9gEQxgPAe5GRRJ4z1de4CCwsY0=
github.com/panghostlin/SDK v0.0.0-20200210111913-6c110fc5bf09 h1:CjAK5s7n22Vz2w7nN7ptPrSO92lVNjOQMkhnhzjzKG8=
github.com/panghostlin/SDK v0.0.0-20200210111913-6c110fc5bf09/go.mod h1:QYErUWsn8/b+2xMsn2FOSXk4ZyomLYH8ytwSsmKMGa0=
github.com/panghostlin/SDK v0.0.0-20200213181907-a20e023788a8 h1:vkEhWJIa2PiDcP+NftONFYhYs6Ck2u+mofLdsQWiots=
github.com/panghostlin/SDK v0.0.0-20200213181907-a20e023788a8/go.mod h1:QYErUWsn8/b+2xMsn2FOSXk4ZyomLYH8ytwSsmKMGa0=
github.com/panghostlin/SDK v0.0.0-20200214154832-0dfc7613f710 h1:C+rVtHorB6QeNhZqvw3YBd6mXJJcRsE12pb8CumzBWg=
github.com/panghostlin/SDK v0.0.0-20200214154832-0dfc7613f710/go.mod h1:QYErUWsn8/b+2xMsn2FOSXk4ZyomLYH8ytwSsmKMGa0=
github.com/panghostlin/SDK v0.0.0-20200214171239-a9564848d2b6 h1:fYiiPPv2gK8773Asaclq5m427KPTaPr8wUWO4pCWrVo=
github.com/panghostlin/SDK v0.0.0-20200214171239-a9564848d2b6/go.mod h1:QYErUWsn8/b+2xMsn2FOSXk4ZyomLYH8ytwSsmKMGa0=
github.com/panghostlin/SDK v0.0.0-20200219134150-7717c8b79649 h1:7XW9vIvuxwRlmqqVXR2QR2v47KYr89Ng6Cdx9Vcbnfs=
github.com/panghostlin/SDK v0.0.0-20200219134150-7717c8b79649/go.mod h1:QYErUWsn8/b+2xMsn2FOSXk4ZyomLYH8ytwSsmKMGa0=
github.com/panghostlin/SDK v0.0.0-20200219145801-76561bdb7f4a h1:l4aNjeKjC5LvElw97d9qGAh4UQrLGPHRXv23FkRYo84=
github.com/panghostlin/SDK v0.0.0-20200219145801-76561bdb7f4a/go.mod h1:QYErUWsn8/b+2xMsn2FOSXk4ZyomLYH8ytwSsmKMGa0=
github.com/panghostlin/SDK v0.0.0-20200220084636-e6e0c96a546c h1:LDxUU38ERSS8pCebM48BAXoWgtbyxb74a6O4c1dzcAM=
github.com/panghostlin/SDK v0.0.0-20200220084636-e6e0c96a546c/go.mod h1:QYErUWsn8/b+2xMsn2FOSXk4ZyomLYH8ytwSsmKMGa0=
github.com/panghostlin/SDK v0.0.0-20200221162701-18229472aba6 h1:GU2TUN/AYPAgb02it4LIAL9ANTdwFJKtoLjiAXQSWLc=
github.com/panghostlin/SDK v0.0.0-20200221162701-18229472aba6/go.mod h1:QYErUWsn8/b+2xMsn2FOSXk4ZyomLYH8ytwSsmKMGa0=
github.com/panghostlin/SDK v0.0.0-20200221164237-74c4dacb514d h1:GwfHn+47jalWT6ar/bg5eNGbfM2tnW7nTVLLHEbQL58=
github.com/panghostlin/SDK v0.0.0-20200221164237-74c4dacb514d/go.mod h1:QYErUWsn8/b+2xMsn2FOSXk4ZyomLYH8ytwSsmKMGa0=
github.com/panghostlin/SDK v0.0.0-20200222103416-6812fcf53f33 h1:j4deYWR2ov+03gUMWt4nkAoaAEPgC0f9Zk5j5206yXU=
github.com/panghostlin/SDK v0.0.0-20200222103416-6812fcf53f33/go.mod h1:QYErUWsn8/b+2xMsn2FOSXk4ZyomLYH8ytwSsmKMGa0=
github.com/panghostlin/SDK v0.0.0-20200228090135-7e47b391dded h1:54mCy2htM1gPotWDcEEkpecQTJibcSBqgOzLWJWTPJk=
github.com/panghostlin/SDK v0.0.0-20200228090135-7e47b391dded/go.mod h1:QYErUWsn8/b+2xMsn2FOSXk4ZyomLYH8ytwSsmKMGa0=
github.com/panghostlin/SDK v0.0.0-20200228093308-46ea089aa8e6 h1:Efq9u5D9AOtvQP9YahBK5YgM3/upxHbqNzEUmtGOIZc=
github.com/panghostlin/SDK v0.0.0-20200228093308-46ea089aa8e6/go.mod h1:QYErUWsn8/b+2xMsn2FOSXk4ZyomLYH8ytwSsmKMGa0=
github.com/panghostlin/SDK v0.0.0-20200228093941-28c3df5e0733 h1:JExmPsbQcxcwm2Q/x5W4MuYh6S1ZaTdGaSz0iVTLsSA=
github.com/panghostlin/SDK v0.0.0-20200228093941-28c3df5e0733/go.mod h1:QYErUWsn8/b+2xMsn2FOSXk4ZyomLYH8ytwSsmKMGa0=
github.com/panghostlin/SDK v0.0.0-20200228095148-fc1622df4394 h1:DPxRhzvXtkqhLltbF057SnJ6htKAJrmaNRKQqMN0EOE=
github.com/panghostlin/SDK v0.0.0-20200228095148-fc1622df4394/go.mod h1:QYErUWsn8/b+2xMsn2FOSXk4ZyomLYH8ytwSsmKMGa0=
github.com/panghostlin/SDK v0.0.0-20200304175451-f4fb5573fa9d h1:4/SVvmP8OdeCP8VUY6n6diLQSSCcFh2LuWimp/NHKuc=
github.com/panghostlin/SDK v0.0.0-20200304175451-f4fb5573fa9d/go.mod h1:QYErUWsn8/b+2xMsn2FOSXk4ZyomLYH8ytwSsmKMGa0=
github.com/panghostlin/SDK v0.0.0-20200306110020-e769abdae1b7 h1:YefAxHltd9BcQ/hJyPwMQ4D3ZeIv5aeoIXdJF1Tu9cE=
github.com/panghostlin/SDK v0.0.0-20200306110020-e769abdae1b7/go.mod h1:QYErUWsn8/b+2xMsn2FOSXk4ZyomLYH8ytwSsmKMGa0=
github.com/panghostlin/SDK v0.0.0-20200309100807-08950f84ae02 h1:GTs9YC9oZV9zbppYQ3zCdpVKjo9x2hH2MwsfXEThk9o=
github.com/panghostlin/SDK v0.0.0-20200309100807-08950f84ae02/go.mod h1:QYErUWsn8/b+2xMsn2FOSXk4ZyomLYH8ytwSsmKMGa0=
github.com/panghostlin/SDK v0.0.0-20200309103301-ae697c741fc0 h1:vbSYv6cf9aiKoLygVRbtz6qmMKKoqqeeULZML/q7iVk=
github.com/panghostlin/SDK v0.0.0-20200309103301-ae697c741fc0/go.mod h1:QYErUWsn8/b+2xMsn2FOSXk4ZyomLYH8ytwSsmKMGa0=
github.com/panghostlin/SDK v0.0.0-20200309103608-76e909c09155 h1:cJ9u+7dD2Mm1Y/3/47xi9lwvt0vkkuZfSXXqPJwmEUw=
github.com/panghostlin/SDK v0.0.0-20200309103608-76e909c09155/go.mod h1:QYErUWsn8/b+2xMsn2FOSXk4ZyomLYH8ytwSsmKMGa0=
github.com/panghostlin/SDK v0.0.0-20200309180857-7ead012a6dd5 h1:/d2Uw8M74i2zyaifu60FJ6onirGvDh2s3rhcFaD1qsE=
github.com/panghostlin/SDK v0.0.0-20200309180857-7ead012a6dd5/go.mod h1:QYErUWsn8/b+2xMsn2FOSXk4ZyomLYH8ytwSsmKMGa0=
github.com/panghostlin/SDK v0.0.0-20200312204850-36ed8efea66c h1:Ei1LnUGJRiYXs5H1Bg4mwj4LfRd3G+l1V7ODTMYwk/I=
github.com/panghostlin/SDK v0.0.0-20200312204850-36ed8efea66c/go.mod h1:QYErUWsn8/b+2xMsn2FOSXk4ZyomLYH8ytwSsmKMGa0=
github.com/panghostlin/websocket v1.4.2-0.20200213120905-854588738d5f h1:0DRjJGofZzAZUECyCS5CDjgcUEfhWL5Vpfzj75IFddc=
github.com/panghostlin/websocket v1.4.2-0.20200213120905-854588738d5f/go.mod h1:xDJlgVwe2R8+5PXLNM+FdxTvbZgdOkgD1QbxFqBg1GE=
github.com/prometheus/client_model v0.0.0-20190812154241-14fe0d1b01d4/go.mod h1:xMI15A0UPsDsEKsMN9yxemIoYk6Tm2C1GtYGdfGttqA=
github.com/savsgio/gotils v0.0.0-20190714152828-365999d0a274/go.mod h1:w803/Fg1m0hrp1ZT9KNfQe4E4+WOMMFLcgzPvOcye10=
github.com/savsgio/gotils v0.0.0-20200117113501-90175b0fbe3f h1:PgA+Olipyj258EIEYnpFFONrrCcAIWNUNoFhUfMqAGY=
github.com/savsgio/gotils v0.0.0-20200117113501-90175b0fbe3f/go.mod h1:lHhJedqxCoHN+zMtwGNTXWmF0u9Jt363FYRhV6g0CdY=
github.com/valyala/bytebufferpool v1.0.0 h1:GqA5TC/0021Y/b9FG4Oi9Mr3q7XYx6KllzawFIhcdPw=
github.com/valyala/bytebufferpool v1.0.0/go.mod h1:6bBcMArwyJ5K/AmCkWv1jt77kVWyCJ6HpOuEn7z0Csc=
github.com/valyala/fasthttp v1.3.0/go.mod h1:4vX61m6KN+xDduDNwXrhIAVZaZaZiQ1luJk8LWSxF3s=
github.com/valyala/fasthttp v1.4.0/go.mod h1:4vX61m6KN+xDduDNwXrhIAVZaZaZiQ1luJk8LWSxF3s=
github.com/valyala/fasthttp v1.9.0 h1:hNpmUdy/+ZXYpGy0OBfm7K0UQTzb73W0T0U4iJIVrMw=
github.com/valyala/fasthttp v1.9.0/go.mod h1:FstJa9V+Pj9vQ7OJie2qMHdwemEDaDiSdBnvPM1Su9w=
github.com/valyala/tcplisten v0.0.0-20161114210144-ceec8f93295a/go.mod h1:v3UYOV9WzVtRmSR+PDvWpU/qWl4Wa5LApYYX4ZtKbio=
golang.org/x/crypto v0.0.0-20190308221718-c2843e01d9a2/go.mod h1:djNgcEr1/C05ACkg1iLfiJU5Ep61QUkGW8qpdssI0+w=
golang.org/x/exp v0.0.0-20190121172915-509febef88a4/go.mod h1:CJ0aWSM057203Lf6IL+f9T1iT9GByDxfZKAQTCR3kQA=
golang.org/x/lint v0.0.0-20181026193005-c67002cb31c3/go.mod h1:UVdnD1Gm6xHRNCYTkRU2/jEulfH38KcIWyp/GAMgvoE=
golang.org/x/lint v0.0.0-20190227174305-5b3e6a55c961/go.mod h1:wehouNa3lNwaWXcvxsM5YxQ5yQlVC4a0KAMCusXpPoU=
golang.org/x/lint v0.0.0-20190313153728-d0100b6bd8b3/go.mod h1:6SW0HCj/g11FgYtHlgUYUwCkIfeOF89ocIRzGO/8vkc=
golang.org/x/net v0.0.0-20180724234803-3673e40ba225/go.mod h1:mL1N/T3taQHkDXs73rZJwtUhF3w3ftmwwsq0BUmARs4=
golang.org/x/net v0.0.0-20180826012351-8a410e7b638d/go.mod h1:mL1N/T3taQHkDXs73rZJwtUhF3w3ftmwwsq0BUmARs4=
golang.org/x/net v0.0.0-20180911220305-26e67e76b6c3/go.mod h1:mL1N/T3taQHkDXs73rZJwtUhF3w3ftmwwsq0BUmARs4=
golang.org/x/net v0.0.0-20190213061140-3a22650c66bd/go.mod h1:mL1N/T3taQHkDXs73rZJwtUhF3w3ftmwwsq0BUmARs4=
golang.org/x/net v0.0.0-20190311183353-d8887717615a/go.mod h1:t9HGtf8HONx5eT2rtn7q6eTqICYqUVnKs3thJo3Qplg=
golang.org/x/net v0.0.0-20190827160401-ba9fcec4b297 h1:k7pJ2yAPLPgbskkFdhRCsA77k2fySZ1zf2zCjvQCiIM=
golang.org/x/net v0.0.0-20190827160401-ba9fcec4b297/go.mod h1:z5CRVTTTmAJ677TzLLGU+0bjPO0LkuOLi4/5GtJWs/s=
golang.org/x/net v0.0.0-20200202094626-16171245cfb2 h1:CCH4IOTTfewWjGOlSp+zGcjutRKlBEZQ6wTn8ozI/nI=
golang.org/x/net v0.0.0-20200202094626-16171245cfb2/go.mod h1:z5CRVTTTmAJ677TzLLGU+0bjPO0LkuOLi4/5GtJWs/s=
golang.org/x/oauth2 v0.0.0-20180821212333-d2e6202438be/go.mod h1:N/0e6XlmueqKjAGxoOufVs8QHGRruUQn6yWY3a++T0U=
golang.org/x/sync v0.0.0-20180314180146-1d60e4601c6f/go.mod h1:RxMgew5VJxzue5/jJTE5uejpjVlOe/izrB70Jof72aM=
golang.org/x/sync v0.0.0-20181108010431-42b317875d0f/go.mod h1:RxMgew5VJxzue5/jJTE5uejpjVlOe/izrB70Jof72aM=
golang.org/x/sync v0.0.0-20190423024810-112230192c58/go.mod h1:RxMgew5VJxzue5/jJTE5uejpjVlOe/izrB70Jof72aM=
golang.org/x/sys v0.0.0-20180830151530-49385e6e1522/go.mod h1:STP8DvDyc/dI5b8T5hshtkjS+E42TnysNCUPdjciGhY=
golang.org/x/sys v0.0.0-20190215142949-d0b11bdaac8a/go.mod h1:STP8DvDyc/dI5b8T5hshtkjS+E42TnysNCUPdjciGhY=
golang.org/x/sys v0.0.0-20190222072716-a9d3bda3a223/go.mod h1:STP8DvDyc/dI5b8T5hshtkjS+E42TnysNCUPdjciGhY=
golang.org/x/sys v0.0.0-20191026070338-33540a1f6037 h1:YyJpGZS1sBuBCzLAR1VEpK193GlqGZbnPFnPV/5Rsb4=
golang.org/x/sys v0.0.0-20191026070338-33540a1f6037/go.mod h1:h1NjWce9XRLGQEsW7wpKNCjG9DtNlClVuFLEZdDNbEs=
golang.org/x/sys v0.0.0-20200116001909-b77594299b42/go.mod h1:h1NjWce9XRLGQEsW7wpKNCjG9DtNlClVuFLEZdDNbEs=
golang.org/x/sys v0.0.0-20200219091948-cb0a6d8edb6c h1:jceGD5YNJGgGMkJz79agzOln1K9TaZUjv5ird16qniQ=
golang.org/x/sys v0.0.0-20200219091948-cb0a6d8edb6c/go.mod h1:h1NjWce9XRLGQEsW7wpKNCjG9DtNlClVuFLEZdDNbEs=
golang.org/x/text v0.3.0 h1:g61tztE5qeGQ89tm6NTjjM9VPIm088od1l6aSorWRWg=
golang.org/x/text v0.3.0/go.mod h1:NqM8EUOU14njkJ3fqMW+pc6Ldnwhi/IjpwHt7yyuwOQ=
golang.org/x/text v0.3.2 h1:tW2bmiBqwgJj/UpqtC8EpXEZVYOwU0yG4iWbprSVAcs=
golang.org/x/text v0.3.2/go.mod h1:bEr9sfX3Q8Zfm5fL9x+3itogRgK3+ptLWKqgva+5dAk=
golang.org/x/tools v0.0.0-20180917221912-90fa682c2a6e/go.mod h1:n7NCudcB/nEzxVGmLbDWY5pfWTLqBcC2KZ6jyYvM4mQ=
golang.org/x/tools v0.0.0-20190114222345-bf090417da8b/go.mod h1:n7NCudcB/nEzxVGmLbDWY5pfWTLqBcC2KZ6jyYvM4mQ=
golang.org/x/tools v0.0.0-20190226205152-f727befe758c/go.mod h1:9Yl7xja0Znq3iFh3HoIrodX9oNMXvdceNzlUR8zjMvY=
golang.org/x/tools v0.0.0-20190311212946-11955173bddd/go.mod h1:LCzVGOaR6xXOjkQ3onu1FJEFr0SW1gC7cKk1uF8kGRs=
golang.org/x/tools v0.0.0-20190524140312-2c0ae7006135/go.mod h1:RgjU9mgBXZiqYHBnxXauZ1Gv1EHHAz9KjViQ78xBX0Q=
google.golang.org/appengine v1.1.0/go.mod h1:EbEs0AVv82hx2wNQdGPgUI5lhzA/G0D9YwlJXL52JkM=
google.golang.org/appengine v1.4.0/go.mod h1:xpcJRLb0r/rnEns0DIKYYv+WjYCduHsrkT7/EB5XEv4=
google.golang.org/genproto v0.0.0-20180817151627-c66870c02cf8/go.mod h1:JiN7NxoALGmiZfu7CAH4rXhgtRTLTxftemlI0sWmxmc=
google.golang.org/genproto v0.0.0-20190819201941-24fa4b261c55 h1:gSJIx1SDwno+2ElGhA4+qG2zF97qiUzTM+rQ0klBOcE=
google.golang.org/genproto v0.0.0-20190819201941-24fa4b261c55/go.mod h1:DMBHOl98Agz4BDEuKkezgsaosCRResVns1a3J2ZsMNc=
google.golang.org/genproto v0.0.0-20200218151345-dad8c97a84f5 h1:jB9+PJSvu5tBfmJHy/OVapFdjDF3WvpkqRhxqrmzoEU=
google.golang.org/genproto v0.0.0-20200218151345-dad8c97a84f5/go.mod h1:55QSHmfGQM9UVYDPBsyGGes0y52j32PQ3BqQfXhyH3c=
google.golang.org/grpc v1.19.0/go.mod h1:mqu4LbDTu4XGKhr4mRzUsmM4RtVoemTSY81AxZiDr8c=
google.golang.org/grpc v1.23.0/go.mod h1:Y5yQAOtifL1yxbo5wqy6BxZv8vAUGQwXBOALyacEbxg=
google.golang.org/grpc v1.25.1/go.mod h1:c3i+UQWmh7LiEpx4sFZnkU36qjEYZ0imhYfXVyQciAY=
google.golang.org/grpc v1.27.0/go.mod h1:qbnxyOmOxrQa7FizSgH+ReBfzJrCY1pSN7KXBS8abTk=
google.golang.org/grpc v1.27.1 h1:zvIju4sqAGvwKspUQOhwnpcqSbzi7/H6QomNNjTL4sk=
google.golang.org/grpc v1.27.1/go.mod h1:qbnxyOmOxrQa7FizSgH+ReBfzJrCY1pSN7KXBS8abTk=
google.golang.org/grpc v1.28.1 h1:C1QC6KzgSiLyBabDi87BbjaGreoRgGUF5nOyvfrAZ1k=
google.golang.org/grpc v1.28.1/go.mod h1:rpkK4SK4GF4Ach/+MFLZUBavHOvF2JJB5uozKKal+60=
honnef.co/go/tools v0.0.0-20190102054323-c2f93a96b099/go.mod h1:rf3lG4BRIbNafJWhAfAdb/ePZxsR/4RtNHQocxwk9r4=
honnef.co/go/tools v0.0.0-20190523083050-ea95bdfd59fc/go.mod h1:rf3lG4BRIbNafJWhAfAdb/ePZxsR/4RtNHQocxwk9r4=
